// !$*UTF8*$!
{
	archiveVersion = 1;
	classes = {
	};
	objectVersion = 46;
	objects = {

/* Begin PBXBuildFile section */
		116C663119ED22E500215E51 /* Character.m in Sources */ = {isa = PBXBuildFile; fileRef = 116C663019ED22E500215E51 /* Character.m */; };
		116C663419ED283400215E51 /* Hero.m in Sources */ = {isa = PBXBuildFile; fileRef = 116C663319ED283400215E51 /* Hero.m */; };
		116C663919ED2CAE00215E51 /* AICharacter.m in Sources */ = {isa = PBXBuildFile; fileRef = 116C663819ED2CAE00215E51 /* AICharacter.m */; };
		116C663C19ED447800215E51 /* Monster.m in Sources */ = {isa = PBXBuildFile; fileRef = 116C663B19ED447800215E51 /* Monster.m */; };
		116C663F19ED547000215E51 /* Boss.m in Sources */ = {isa = PBXBuildFile; fileRef = 116C663E19ED547000215E51 /* Boss.m */; };
		118DB8181A24DCCE0085F883 /* SceneDTO.m in Sources */ = {isa = PBXBuildFile; fileRef = 118DB8171A24DCCE0085F883 /* SceneDTO.m */; };
		118DB81B1A24EACD0085F883 /* LevelSelectScene.m in Sources */ = {isa = PBXBuildFile; fileRef = 118DB81A1A24EACD0085F883 /* LevelSelectScene.m */; };
		118EEF5819D2F51500899286 /* boss.png in Resources */ = {isa = PBXBuildFile; fileRef = 118EEF5719D2F51500899286 /* boss.png */; };
		11987CAC1A166B1900B53334 /* space_bg.png in Resources */ = {isa = PBXBuildFile; fileRef = 11987CAB1A166B1900B53334 /* space_bg.png */; };
		11987CB61A16744A00B53334 /* heroInSpace.png in Resources */ = {isa = PBXBuildFile; fileRef = 11987CB51A16744A00B53334 /* heroInSpace.png */; };
		11987CBA1A16785D00B53334 /* monsterInSpace.png in Resources */ = {isa = PBXBuildFile; fileRef = 11987CB91A16785D00B53334 /* monsterInSpace.png */; };
		11987CBC1A1690C300B53334 /* testBestButton.png in Resources */ = {isa = PBXBuildFile; fileRef = 11987CBB1A1690C300B53334 /* testBestButton.png */; };
		11987CBE1A1694BD00B53334 /* bestHighscoreButton.png in Resources */ = {isa = PBXBuildFile; fileRef = 11987CBD1A1694BD00B53334 /* bestHighscoreButton.png */; };
		11987CC01A1694C900B53334 /* bestPlayButton.png in Resources */ = {isa = PBXBuildFile; fileRef = 11987CBF1A1694C900B53334 /* bestPlayButton.png */; };
		11987CC31A169C2F00B53334 /* Item.m in Sources */ = {isa = PBXBuildFile; fileRef = 11987CC21A169C2F00B53334 /* Item.m */; };
		11987CC91A16A3AB00B53334 /* banana.png in Resources */ = {isa = PBXBuildFile; fileRef = 11987CC81A16A3AB00B53334 /* banana.png */; };
		11987CD01A192A2200B53334 /* dungeon_bg.png in Resources */ = {isa = PBXBuildFile; fileRef = 11987CCF1A192A2200B53334 /* dungeon_bg.png */; };
		11987CD21A19338C00B53334 /* nextLevelButton.png in Resources */ = {isa = PBXBuildFile; fileRef = 11987CD11A19338C00B53334 /* nextLevelButton.png */; };
		11987CD61A1E212B00B53334 /* MonsterDTO.m in Sources */ = {isa = PBXBuildFile; fileRef = 11987CD51A1E212B00B53334 /* MonsterDTO.m */; };
		11987CD91A1E214800B53334 /* HeroDTO.m in Sources */ = {isa = PBXBuildFile; fileRef = 11987CD81A1E214800B53334 /* HeroDTO.m */; };
		11987CDC1A1E215A00B53334 /* ItemDTO.m in Sources */ = {isa = PBXBuildFile; fileRef = 11987CDB1A1E215A00B53334 /* ItemDTO.m */; };
		11987CDF1A1E21A600B53334 /* GameDTO.m in Sources */ = {isa = PBXBuildFile; fileRef = 11987CDE1A1E21A600B53334 /* GameDTO.m */; };
		11C41AB719D29C5300468EE4 /* Foundation.framework in Frameworks */ = {isa = PBXBuildFile; fileRef = 11C41AB619D29C5300468EE4 /* Foundation.framework */; };
		11C41AB919D29C5300468EE4 /* CoreGraphics.framework in Frameworks */ = {isa = PBXBuildFile; fileRef = 11C41AB819D29C5300468EE4 /* CoreGraphics.framework */; };
		11C41ABB19D29C5300468EE4 /* UIKit.framework in Frameworks */ = {isa = PBXBuildFile; fileRef = 11C41ABA19D29C5300468EE4 /* UIKit.framework */; };
		11C41ABD19D29C5300468EE4 /* SpriteKit.framework in Frameworks */ = {isa = PBXBuildFile; fileRef = 11C41ABC19D29C5300468EE4 /* SpriteKit.framework */; };
		11C41AC319D29C5300468EE4 /* InfoPlist.strings in Resources */ = {isa = PBXBuildFile; fileRef = 11C41AC119D29C5300468EE4 /* InfoPlist.strings */; };
		11C41AC519D29C5300468EE4 /* main.m in Sources */ = {isa = PBXBuildFile; fileRef = 11C41AC419D29C5300468EE4 /* main.m */; };
		11C41AC919D29C5300468EE4 /* AppDelegate.m in Sources */ = {isa = PBXBuildFile; fileRef = 11C41AC819D29C5300468EE4 /* AppDelegate.m */; };
		11C41ACC19D29C5300468EE4 /* Main.storyboard in Resources */ = {isa = PBXBuildFile; fileRef = 11C41ACA19D29C5300468EE4 /* Main.storyboard */; };
		11C41ACF19D29C5300468EE4 /* ViewController.m in Sources */ = {isa = PBXBuildFile; fileRef = 11C41ACE19D29C5300468EE4 /* ViewController.m */; };
		11C41AD219D29C5300468EE4 /* GameScene.m in Sources */ = {isa = PBXBuildFile; fileRef = 11C41AD119D29C5300468EE4 /* GameScene.m */; };
		11C41AD619D29C5300468EE4 /* Images.xcassets in Resources */ = {isa = PBXBuildFile; fileRef = 11C41AD519D29C5300468EE4 /* Images.xcassets */; };
		11C41ADD19D29C5300468EE4 /* XCTest.framework in Frameworks */ = {isa = PBXBuildFile; fileRef = 11C41ADC19D29C5300468EE4 /* XCTest.framework */; };
		11C41ADE19D29C5300468EE4 /* Foundation.framework in Frameworks */ = {isa = PBXBuildFile; fileRef = 11C41AB619D29C5300468EE4 /* Foundation.framework */; };
		11C41ADF19D29C5300468EE4 /* UIKit.framework in Frameworks */ = {isa = PBXBuildFile; fileRef = 11C41ABA19D29C5300468EE4 /* UIKit.framework */; };
		11C41AE719D29C5300468EE4 /* InfoPlist.strings in Resources */ = {isa = PBXBuildFile; fileRef = 11C41AE519D29C5300468EE4 /* InfoPlist.strings */; };
		11C41AE919D29C5300468EE4 /* marjametsa_arenaTests.m in Sources */ = {isa = PBXBuildFile; fileRef = 11C41AE819D29C5300468EE4 /* marjametsa_arenaTests.m */; };
		11C41AF519D29D3200468EE4 /* grass_bg.png in Resources */ = {isa = PBXBuildFile; fileRef = 11C41AF219D29D3200468EE4 /* grass_bg.png */; };
		11C41AF619D29D3200468EE4 /* hero.png in Resources */ = {isa = PBXBuildFile; fileRef = 11C41AF319D29D3200468EE4 /* hero.png */; };
		11C41AF719D29D3200468EE4 /* monster.png in Resources */ = {isa = PBXBuildFile; fileRef = 11C41AF419D29D3200468EE4 /* monster.png */; };
		11EBFC711A149BF8005FFBF9 /* GameEndedScene.m in Sources */ = {isa = PBXBuildFile; fileRef = 11EBFC701A149BF8005FFBF9 /* GameEndedScene.m */; };
		11EBFC731A14EE6D005FFBF9 /* bestPlayers.png in Resources */ = {isa = PBXBuildFile; fileRef = 11EBFC721A14EE6D005FFBF9 /* bestPlayers.png */; };
		7C0D63A319ED509E001294CE /* MenuScene.m in Sources */ = {isa = PBXBuildFile; fileRef = 7C0D63A219ED509E001294CE /* MenuScene.m */; };
		7CBB97BE1A0E7111008F03B6 /* exitButton.png in Resources */ = {isa = PBXBuildFile; fileRef = 7CBB97BD1A0E7111008F03B6 /* exitButton.png */; };
		7CBB97C01A0E718D008F03B6 /* StartButton.png in Resources */ = {isa = PBXBuildFile; fileRef = 7CBB97BF1A0E718D008F03B6 /* StartButton.png */; };
		7CCDE13C1A14C5FA00289218 /* Highscore.m in Sources */ = {isa = PBXBuildFile; fileRef = 7CCDE13B1A14C5FA00289218 /* Highscore.m */; };
		7CE16C711A169D3500C29216 /* appIcon.png in Resources */ = {isa = PBXBuildFile; fileRef = 7CE16C701A169D3500C29216 /* appIcon.png */; };
		7CE16C751A1E128E00C29216 /* Property List.plist in Resources */ = {isa = PBXBuildFile; fileRef = 7CE16C741A1E128E00C29216 /* Property List.plist */; };
/* End PBXBuildFile section */

/* Begin PBXContainerItemProxy section */
		11C41AE019D29C5300468EE4 /* PBXContainerItemProxy */ = {
			isa = PBXContainerItemProxy;
			containerPortal = 11C41AAB19D29C5300468EE4 /* Project object */;
			proxyType = 1;
			remoteGlobalIDString = 11C41AB219D29C5300468EE4;
			remoteInfo = "marjametsa-arena";
		};
/* End PBXContainerItemProxy section */

/* Begin PBXFileReference section */
		116C662F19ED22E500215E51 /* Character.h */ = {isa = PBXFileReference; fileEncoding = 4; lastKnownFileType = sourcecode.c.h; path = Character.h; sourceTree = "<group>"; };
		116C663019ED22E500215E51 /* Character.m */ = {isa = PBXFileReference; fileEncoding = 4; lastKnownFileType = sourcecode.c.objc; path = Character.m; sourceTree = "<group>"; };
		116C663219ED283400215E51 /* Hero.h */ = {isa = PBXFileReference; fileEncoding = 4; lastKnownFileType = sourcecode.c.h; path = Hero.h; sourceTree = "<group>"; };
		116C663319ED283400215E51 /* Hero.m */ = {isa = PBXFileReference; fileEncoding = 4; lastKnownFileType = sourcecode.c.objc; path = Hero.m; sourceTree = "<group>"; };
		116C663719ED2CAE00215E51 /* AICharacter.h */ = {isa = PBXFileReference; fileEncoding = 4; lastKnownFileType = sourcecode.c.h; path = AICharacter.h; sourceTree = "<group>"; };
		116C663819ED2CAE00215E51 /* AICharacter.m */ = {isa = PBXFileReference; fileEncoding = 4; lastKnownFileType = sourcecode.c.objc; path = AICharacter.m; sourceTree = "<group>"; };
		116C663A19ED447800215E51 /* Monster.h */ = {isa = PBXFileReference; fileEncoding = 4; lastKnownFileType = sourcecode.c.h; path = Monster.h; sourceTree = "<group>"; };
		116C663B19ED447800215E51 /* Monster.m */ = {isa = PBXFileReference; fileEncoding = 4; lastKnownFileType = sourcecode.c.objc; path = Monster.m; sourceTree = "<group>"; };
		116C663D19ED547000215E51 /* Boss.h */ = {isa = PBXFileReference; fileEncoding = 4; lastKnownFileType = sourcecode.c.h; path = Boss.h; sourceTree = "<group>"; };
		116C663E19ED547000215E51 /* Boss.m */ = {isa = PBXFileReference; fileEncoding = 4; lastKnownFileType = sourcecode.c.objc; path = Boss.m; sourceTree = "<group>"; };
		118DB8161A24DCCE0085F883 /* SceneDTO.h */ = {isa = PBXFileReference; fileEncoding = 4; lastKnownFileType = sourcecode.c.h; path = SceneDTO.h; sourceTree = "<group>"; };
		118DB8171A24DCCE0085F883 /* SceneDTO.m */ = {isa = PBXFileReference; fileEncoding = 4; lastKnownFileType = sourcecode.c.objc; path = SceneDTO.m; sourceTree = "<group>"; };
		118DB8191A24EACD0085F883 /* LevelSelectScene.h */ = {isa = PBXFileReference; fileEncoding = 4; lastKnownFileType = sourcecode.c.h; path = LevelSelectScene.h; sourceTree = "<group>"; };
		118DB81A1A24EACD0085F883 /* LevelSelectScene.m */ = {isa = PBXFileReference; fileEncoding = 4; lastKnownFileType = sourcecode.c.objc; path = LevelSelectScene.m; sourceTree = "<group>"; };
		118EEF5719D2F51500899286 /* boss.png */ = {isa = PBXFileReference; lastKnownFileType = image.png; path = boss.png; sourceTree = "<group>"; };
		11987CAB1A166B1900B53334 /* space_bg.png */ = {isa = PBXFileReference; lastKnownFileType = image.png; path = space_bg.png; sourceTree = "<group>"; };
		11987CB51A16744A00B53334 /* heroInSpace.png */ = {isa = PBXFileReference; lastKnownFileType = image.png; path = heroInSpace.png; sourceTree = "<group>"; };
		11987CB91A16785D00B53334 /* monsterInSpace.png */ = {isa = PBXFileReference; lastKnownFileType = image.png; path = monsterInSpace.png; sourceTree = "<group>"; };
		11987CBB1A1690C300B53334 /* testBestButton.png */ = {isa = PBXFileReference; lastKnownFileType = image.png; path = testBestButton.png; sourceTree = "<group>"; };
		11987CBD1A1694BD00B53334 /* bestHighscoreButton.png */ = {isa = PBXFileReference; lastKnownFileType = image.png; path = bestHighscoreButton.png; sourceTree = "<group>"; };
		11987CBF1A1694C900B53334 /* bestPlayButton.png */ = {isa = PBXFileReference; lastKnownFileType = image.png; path = bestPlayButton.png; sourceTree = "<group>"; };
		11987CC11A169C2F00B53334 /* Item.h */ = {isa = PBXFileReference; fileEncoding = 4; lastKnownFileType = sourcecode.c.h; path = Item.h; sourceTree = "<group>"; };
		11987CC21A169C2F00B53334 /* Item.m */ = {isa = PBXFileReference; fileEncoding = 4; lastKnownFileType = sourcecode.c.objc; path = Item.m; sourceTree = "<group>"; };
		11987CC81A16A3AB00B53334 /* banana.png */ = {isa = PBXFileReference; lastKnownFileType = image.png; path = banana.png; sourceTree = "<group>"; };
		11987CCF1A192A2200B53334 /* dungeon_bg.png */ = {isa = PBXFileReference; lastKnownFileType = image.png; path = dungeon_bg.png; sourceTree = "<group>"; };
		11987CD11A19338C00B53334 /* nextLevelButton.png */ = {isa = PBXFileReference; lastKnownFileType = image.png; path = nextLevelButton.png; sourceTree = "<group>"; };
		11987CD31A1E1AA600B53334 /* Constants.h */ = {isa = PBXFileReference; lastKnownFileType = sourcecode.c.h; path = Constants.h; sourceTree = "<group>"; };
		11987CD41A1E212B00B53334 /* MonsterDTO.h */ = {isa = PBXFileReference; fileEncoding = 4; lastKnownFileType = sourcecode.c.h; path = MonsterDTO.h; sourceTree = "<group>"; };
		11987CD51A1E212B00B53334 /* MonsterDTO.m */ = {isa = PBXFileReference; fileEncoding = 4; lastKnownFileType = sourcecode.c.objc; path = MonsterDTO.m; sourceTree = "<group>"; };
		11987CD71A1E214800B53334 /* HeroDTO.h */ = {isa = PBXFileReference; fileEncoding = 4; lastKnownFileType = sourcecode.c.h; path = HeroDTO.h; sourceTree = "<group>"; };
		11987CD81A1E214800B53334 /* HeroDTO.m */ = {isa = PBXFileReference; fileEncoding = 4; lastKnownFileType = sourcecode.c.objc; path = HeroDTO.m; sourceTree = "<group>"; };
		11987CDA1A1E215A00B53334 /* ItemDTO.h */ = {isa = PBXFileReference; fileEncoding = 4; lastKnownFileType = sourcecode.c.h; path = ItemDTO.h; sourceTree = "<group>"; };
		11987CDB1A1E215A00B53334 /* ItemDTO.m */ = {isa = PBXFileReference; fileEncoding = 4; lastKnownFileType = sourcecode.c.objc; path = ItemDTO.m; sourceTree = "<group>"; };
		11987CDD1A1E21A600B53334 /* GameDTO.h */ = {isa = PBXFileReference; fileEncoding = 4; lastKnownFileType = sourcecode.c.h; path = GameDTO.h; sourceTree = "<group>"; };
		11987CDE1A1E21A600B53334 /* GameDTO.m */ = {isa = PBXFileReference; fileEncoding = 4; lastKnownFileType = sourcecode.c.objc; path = GameDTO.m; sourceTree = "<group>"; };
		11C41AB319D29C5300468EE4 /* marjametsa-arena.app */ = {isa = PBXFileReference; explicitFileType = wrapper.application; includeInIndex = 0; path = "marjametsa-arena.app"; sourceTree = BUILT_PRODUCTS_DIR; };
		11C41AB619D29C5300468EE4 /* Foundation.framework */ = {isa = PBXFileReference; lastKnownFileType = wrapper.framework; name = Foundation.framework; path = System/Library/Frameworks/Foundation.framework; sourceTree = SDKROOT; };
		11C41AB819D29C5300468EE4 /* CoreGraphics.framework */ = {isa = PBXFileReference; lastKnownFileType = wrapper.framework; name = CoreGraphics.framework; path = System/Library/Frameworks/CoreGraphics.framework; sourceTree = SDKROOT; };
		11C41ABA19D29C5300468EE4 /* UIKit.framework */ = {isa = PBXFileReference; lastKnownFileType = wrapper.framework; name = UIKit.framework; path = System/Library/Frameworks/UIKit.framework; sourceTree = SDKROOT; };
		11C41ABC19D29C5300468EE4 /* SpriteKit.framework */ = {isa = PBXFileReference; lastKnownFileType = wrapper.framework; name = SpriteKit.framework; path = System/Library/Frameworks/SpriteKit.framework; sourceTree = SDKROOT; };
		11C41AC019D29C5300468EE4 /* marjametsa-arena-Info.plist */ = {isa = PBXFileReference; lastKnownFileType = text.plist.xml; path = "marjametsa-arena-Info.plist"; sourceTree = "<group>"; };
		11C41AC219D29C5300468EE4 /* en */ = {isa = PBXFileReference; lastKnownFileType = text.plist.strings; name = en; path = en.lproj/InfoPlist.strings; sourceTree = "<group>"; };
		11C41AC419D29C5300468EE4 /* main.m */ = {isa = PBXFileReference; lastKnownFileType = sourcecode.c.objc; path = main.m; sourceTree = "<group>"; };
		11C41AC619D29C5300468EE4 /* marjametsa-arena-Prefix.pch */ = {isa = PBXFileReference; lastKnownFileType = sourcecode.c.h; path = "marjametsa-arena-Prefix.pch"; sourceTree = "<group>"; };
		11C41AC719D29C5300468EE4 /* AppDelegate.h */ = {isa = PBXFileReference; lastKnownFileType = sourcecode.c.h; path = AppDelegate.h; sourceTree = "<group>"; };
		11C41AC819D29C5300468EE4 /* AppDelegate.m */ = {isa = PBXFileReference; lastKnownFileType = sourcecode.c.objc; path = AppDelegate.m; sourceTree = "<group>"; };
		11C41ACB19D29C5300468EE4 /* Base */ = {isa = PBXFileReference; lastKnownFileType = file.storyboard; name = Base; path = Base.lproj/Main.storyboard; sourceTree = "<group>"; };
		11C41ACD19D29C5300468EE4 /* ViewController.h */ = {isa = PBXFileReference; lastKnownFileType = sourcecode.c.h; path = ViewController.h; sourceTree = "<group>"; };
		11C41ACE19D29C5300468EE4 /* ViewController.m */ = {isa = PBXFileReference; lastKnownFileType = sourcecode.c.objc; path = ViewController.m; sourceTree = "<group>"; };
		11C41AD019D29C5300468EE4 /* GameScene.h */ = {isa = PBXFileReference; lastKnownFileType = sourcecode.c.h; path = GameScene.h; sourceTree = "<group>"; };
		11C41AD119D29C5300468EE4 /* GameScene.m */ = {isa = PBXFileReference; lastKnownFileType = sourcecode.c.objc; path = GameScene.m; sourceTree = "<group>"; };
		11C41AD519D29C5300468EE4 /* Images.xcassets */ = {isa = PBXFileReference; lastKnownFileType = folder.assetcatalog; path = Images.xcassets; sourceTree = "<group>"; };
		11C41ADB19D29C5300468EE4 /* marjametsa-arenaTests.xctest */ = {isa = PBXFileReference; explicitFileType = wrapper.cfbundle; includeInIndex = 0; path = "marjametsa-arenaTests.xctest"; sourceTree = BUILT_PRODUCTS_DIR; };
		11C41ADC19D29C5300468EE4 /* XCTest.framework */ = {isa = PBXFileReference; lastKnownFileType = wrapper.framework; name = XCTest.framework; path = Library/Frameworks/XCTest.framework; sourceTree = DEVELOPER_DIR; };
		11C41AE419D29C5300468EE4 /* marjametsa-arenaTests-Info.plist */ = {isa = PBXFileReference; lastKnownFileType = text.plist.xml; path = "marjametsa-arenaTests-Info.plist"; sourceTree = "<group>"; };
		11C41AE619D29C5300468EE4 /* en */ = {isa = PBXFileReference; lastKnownFileType = text.plist.strings; name = en; path = en.lproj/InfoPlist.strings; sourceTree = "<group>"; };
		11C41AE819D29C5300468EE4 /* marjametsa_arenaTests.m */ = {isa = PBXFileReference; lastKnownFileType = sourcecode.c.objc; path = marjametsa_arenaTests.m; sourceTree = "<group>"; };
		11C41AF219D29D3200468EE4 /* grass_bg.png */ = {isa = PBXFileReference; lastKnownFileType = image.png; path = grass_bg.png; sourceTree = "<group>"; };
		11C41AF319D29D3200468EE4 /* hero.png */ = {isa = PBXFileReference; lastKnownFileType = image.png; path = hero.png; sourceTree = "<group>"; };
		11C41AF419D29D3200468EE4 /* monster.png */ = {isa = PBXFileReference; lastKnownFileType = image.png; path = monster.png; sourceTree = "<group>"; };
		11EBFC6F1A149BF8005FFBF9 /* GameEndedScene.h */ = {isa = PBXFileReference; fileEncoding = 4; lastKnownFileType = sourcecode.c.h; path = GameEndedScene.h; sourceTree = "<group>"; };
		11EBFC701A149BF8005FFBF9 /* GameEndedScene.m */ = {isa = PBXFileReference; fileEncoding = 4; lastKnownFileType = sourcecode.c.objc; path = GameEndedScene.m; sourceTree = "<group>"; };
		11EBFC721A14EE6D005FFBF9 /* bestPlayers.png */ = {isa = PBXFileReference; lastKnownFileType = image.png; path = bestPlayers.png; sourceTree = "<group>"; };
		7C0D63A219ED509E001294CE /* MenuScene.m */ = {isa = PBXFileReference; fileEncoding = 4; lastKnownFileType = sourcecode.c.objc; path = MenuScene.m; sourceTree = "<group>"; };
		7C0D63A419ED5154001294CE /* MenuScene.h */ = {isa = PBXFileReference; fileEncoding = 4; lastKnownFileType = sourcecode.c.h; path = MenuScene.h; sourceTree = "<group>"; };
		7CBB97BD1A0E7111008F03B6 /* exitButton.png */ = {isa = PBXFileReference; lastKnownFileType = image.png; path = exitButton.png; sourceTree = "<group>"; };
		7CBB97BF1A0E718D008F03B6 /* StartButton.png */ = {isa = PBXFileReference; lastKnownFileType = image.png; path = StartButton.png; sourceTree = "<group>"; };
		7CCDE13A1A14C5FA00289218 /* Highscore.h */ = {isa = PBXFileReference; fileEncoding = 4; lastKnownFileType = sourcecode.c.h; path = Highscore.h; sourceTree = "<group>"; };
		7CCDE13B1A14C5FA00289218 /* Highscore.m */ = {isa = PBXFileReference; fileEncoding = 4; lastKnownFileType = sourcecode.c.objc; path = Highscore.m; sourceTree = "<group>"; };
		7CE16C701A169D3500C29216 /* appIcon.png */ = {isa = PBXFileReference; lastKnownFileType = image.png; path = appIcon.png; sourceTree = "<group>"; };
		7CE16C741A1E128E00C29216 /* Property List.plist */ = {isa = PBXFileReference; fileEncoding = 4; lastKnownFileType = text.plist.xml; path = "Property List.plist"; sourceTree = "<group>"; };
/* End PBXFileReference section */

/* Begin PBXFrameworksBuildPhase section */
		11C41AB019D29C5300468EE4 /* Frameworks */ = {
			isa = PBXFrameworksBuildPhase;
			buildActionMask = 2147483647;
			files = (
				11C41AB919D29C5300468EE4 /* CoreGraphics.framework in Frameworks */,
				11C41ABB19D29C5300468EE4 /* UIKit.framework in Frameworks */,
				11C41ABD19D29C5300468EE4 /* SpriteKit.framework in Frameworks */,
				11C41AB719D29C5300468EE4 /* Foundation.framework in Frameworks */,
			);
			runOnlyForDeploymentPostprocessing = 0;
		};
		11C41AD819D29C5300468EE4 /* Frameworks */ = {
			isa = PBXFrameworksBuildPhase;
			buildActionMask = 2147483647;
			files = (
				11C41ADD19D29C5300468EE4 /* XCTest.framework in Frameworks */,
				11C41ADF19D29C5300468EE4 /* UIKit.framework in Frameworks */,
				11C41ADE19D29C5300468EE4 /* Foundation.framework in Frameworks */,
			);
			runOnlyForDeploymentPostprocessing = 0;
		};
/* End PBXFrameworksBuildPhase section */

/* Begin PBXGroup section */
		116C663519ED293900215E51 /* Resources */ = {
			isa = PBXGroup;
			children = (
				11987CD11A19338C00B53334 /* nextLevelButton.png */,
				11987CCF1A192A2200B53334 /* dungeon_bg.png */,
				11987CC81A16A3AB00B53334 /* banana.png */,
				11987CBF1A1694C900B53334 /* bestPlayButton.png */,
				11987CBD1A1694BD00B53334 /* bestHighscoreButton.png */,
				11987CBB1A1690C300B53334 /* testBestButton.png */,
				11987CB91A16785D00B53334 /* monsterInSpace.png */,
				11987CB51A16744A00B53334 /* heroInSpace.png */,
				11987CAB1A166B1900B53334 /* space_bg.png */,
				11EBFC721A14EE6D005FFBF9 /* bestPlayers.png */,
				7CBB97BF1A0E718D008F03B6 /* StartButton.png */,
				7CBB97BD1A0E7111008F03B6 /* exitButton.png */,
				11C41AF219D29D3200468EE4 /* grass_bg.png */,
				118EEF5719D2F51500899286 /* boss.png */,
				11C41AF319D29D3200468EE4 /* hero.png */,
				11C41AF419D29D3200468EE4 /* monster.png */,
			);
			name = Resources;
			sourceTree = "<group>";
		};
		116C663619ED295300215E51 /* Characters */ = {
			isa = PBXGroup;
			children = (
				116C662F19ED22E500215E51 /* Character.h */,
				116C663019ED22E500215E51 /* Character.m */,
				116C663819ED2CAE00215E51 /* AICharacter.m */,
				11987CC11A169C2F00B53334 /* Item.h */,
				11987CC21A169C2F00B53334 /* Item.m */,
				116C663719ED2CAE00215E51 /* AICharacter.h */,
				116C663A19ED447800215E51 /* Monster.h */,
				116C663D19ED547000215E51 /* Boss.h */,
				116C663E19ED547000215E51 /* Boss.m */,
				116C663B19ED447800215E51 /* Monster.m */,
				116C663219ED283400215E51 /* Hero.h */,
				116C663319ED283400215E51 /* Hero.m */,
			);
			name = Characters;
			sourceTree = "<group>";
		};
		11987CE01A1E21B500B53334 /* DTO */ = {
			isa = PBXGroup;
			children = (
				11987CD51A1E212B00B53334 /* MonsterDTO.m */,
				11987CD41A1E212B00B53334 /* MonsterDTO.h */,
				11987CD71A1E214800B53334 /* HeroDTO.h */,
				11987CDD1A1E21A600B53334 /* GameDTO.h */,
				11987CDE1A1E21A600B53334 /* GameDTO.m */,
				118DB8161A24DCCE0085F883 /* SceneDTO.h */,
				118DB8171A24DCCE0085F883 /* SceneDTO.m */,
				11987CD81A1E214800B53334 /* HeroDTO.m */,
				11987CDA1A1E215A00B53334 /* ItemDTO.h */,
				11987CDB1A1E215A00B53334 /* ItemDTO.m */,
			);
			name = DTO;
			sourceTree = "<group>";
		};
		11C41AAA19D29C5300468EE4 = {
			isa = PBXGroup;
			children = (
				11C41ABE19D29C5300468EE4 /* marjametsa-arena */,
				11C41AE219D29C5300468EE4 /* marjametsa-arenaTests */,
				11C41AB519D29C5300468EE4 /* Frameworks */,
				11C41AB419D29C5300468EE4 /* Products */,
			);
			sourceTree = "<group>";
		};
		11C41AB419D29C5300468EE4 /* Products */ = {
			isa = PBXGroup;
			children = (
				11C41AB319D29C5300468EE4 /* marjametsa-arena.app */,
				11C41ADB19D29C5300468EE4 /* marjametsa-arenaTests.xctest */,
			);
			name = Products;
			sourceTree = "<group>";
		};
		11C41AB519D29C5300468EE4 /* Frameworks */ = {
			isa = PBXGroup;
			children = (
				11C41AB619D29C5300468EE4 /* Foundation.framework */,
				11C41AB819D29C5300468EE4 /* CoreGraphics.framework */,
				11C41ABA19D29C5300468EE4 /* UIKit.framework */,
				11C41ABC19D29C5300468EE4 /* SpriteKit.framework */,
				11C41ADC19D29C5300468EE4 /* XCTest.framework */,
			);
			name = Frameworks;
			sourceTree = "<group>";
		};
		11C41ABE19D29C5300468EE4 /* marjametsa-arena */ = {
			isa = PBXGroup;
			children = (
				11C41AC719D29C5300468EE4 /* AppDelegate.h */,
				11C41AC819D29C5300468EE4 /* AppDelegate.m */,
				11987CD31A1E1AA600B53334 /* Constants.h */,
				11C41ACA19D29C5300468EE4 /* Main.storyboard */,
				11C41ACD19D29C5300468EE4 /* ViewController.h */,
				11987CE01A1E21B500B53334 /* DTO */,
				116C663619ED295300215E51 /* Characters */,
				11C41ACE19D29C5300468EE4 /* ViewController.m */,
				11C41AD019D29C5300468EE4 /* GameScene.h */,
				11C41AD119D29C5300468EE4 /* GameScene.m */,
				7C0D63A419ED5154001294CE /* MenuScene.h */,
				11EBFC6F1A149BF8005FFBF9 /* GameEndedScene.h */,
				11EBFC701A149BF8005FFBF9 /* GameEndedScene.m */,
				118DB8191A24EACD0085F883 /* LevelSelectScene.h */,
				118DB81A1A24EACD0085F883 /* LevelSelectScene.m */,
				7C0D63A219ED509E001294CE /* MenuScene.m */,
				116C663519ED293900215E51 /* Resources */,
				11C41AD519D29C5300468EE4 /* Images.xcassets */,
				11C41ABF19D29C5300468EE4 /* Supporting Files */,
				7CCDE13A1A14C5FA00289218 /* Highscore.h */,
				7CCDE13B1A14C5FA00289218 /* Highscore.m */,
				7CE16C741A1E128E00C29216 /* Property List.plist */,
			);
			path = "marjametsa-arena";
			sourceTree = "<group>";
		};
		11C41ABF19D29C5300468EE4 /* Supporting Files */ = {
			isa = PBXGroup;
			children = (
				7CE16C701A169D3500C29216 /* appIcon.png */,
				11C41AC019D29C5300468EE4 /* marjametsa-arena-Info.plist */,
				11C41AC119D29C5300468EE4 /* InfoPlist.strings */,
				11C41AC419D29C5300468EE4 /* main.m */,
				11C41AC619D29C5300468EE4 /* marjametsa-arena-Prefix.pch */,
			);
			name = "Supporting Files";
			sourceTree = "<group>";
		};
		11C41AE219D29C5300468EE4 /* marjametsa-arenaTests */ = {
			isa = PBXGroup;
			children = (
				11C41AE819D29C5300468EE4 /* marjametsa_arenaTests.m */,
				11C41AE319D29C5300468EE4 /* Supporting Files */,
			);
			path = "marjametsa-arenaTests";
			sourceTree = "<group>";
		};
		11C41AE319D29C5300468EE4 /* Supporting Files */ = {
			isa = PBXGroup;
			children = (
				11C41AE419D29C5300468EE4 /* marjametsa-arenaTests-Info.plist */,
				11C41AE519D29C5300468EE4 /* InfoPlist.strings */,
			);
			name = "Supporting Files";
			sourceTree = "<group>";
		};
/* End PBXGroup section */

/* Begin PBXNativeTarget section */
		11C41AB219D29C5300468EE4 /* marjametsa-arena */ = {
			isa = PBXNativeTarget;
			buildConfigurationList = 11C41AEC19D29C5300468EE4 /* Build configuration list for PBXNativeTarget "marjametsa-arena" */;
			buildPhases = (
				11C41AAF19D29C5300468EE4 /* Sources */,
				11C41AB019D29C5300468EE4 /* Frameworks */,
				11C41AB119D29C5300468EE4 /* Resources */,
			);
			buildRules = (
			);
			dependencies = (
			);
			name = "marjametsa-arena";
			productName = "marjametsa-arena";
			productReference = 11C41AB319D29C5300468EE4 /* marjametsa-arena.app */;
			productType = "com.apple.product-type.application";
		};
		11C41ADA19D29C5300468EE4 /* marjametsa-arenaTests */ = {
			isa = PBXNativeTarget;
			buildConfigurationList = 11C41AEF19D29C5300468EE4 /* Build configuration list for PBXNativeTarget "marjametsa-arenaTests" */;
			buildPhases = (
				11C41AD719D29C5300468EE4 /* Sources */,
				11C41AD819D29C5300468EE4 /* Frameworks */,
				11C41AD919D29C5300468EE4 /* Resources */,
			);
			buildRules = (
			);
			dependencies = (
				11C41AE119D29C5300468EE4 /* PBXTargetDependency */,
			);
			name = "marjametsa-arenaTests";
			productName = "marjametsa-arenaTests";
			productReference = 11C41ADB19D29C5300468EE4 /* marjametsa-arenaTests.xctest */;
			productType = "com.apple.product-type.bundle.unit-test";
		};
/* End PBXNativeTarget section */

/* Begin PBXProject section */
		11C41AAB19D29C5300468EE4 /* Project object */ = {
			isa = PBXProject;
			attributes = {
				LastUpgradeCheck = 0510;
				ORGANIZATIONNAME = rb8;
				TargetAttributes = {
					11C41AB219D29C5300468EE4 = {
						DevelopmentTeam = DCGZ38S8Q6;
					};
					11C41ADA19D29C5300468EE4 = {
						TestTargetID = 11C41AB219D29C5300468EE4;
					};
				};
			};
			buildConfigurationList = 11C41AAE19D29C5300468EE4 /* Build configuration list for PBXProject "marjametsa-arena" */;
			compatibilityVersion = "Xcode 3.2";
			developmentRegion = English;
			hasScannedForEncodings = 0;
			knownRegions = (
				en,
				Base,
			);
			mainGroup = 11C41AAA19D29C5300468EE4;
			productRefGroup = 11C41AB419D29C5300468EE4 /* Products */;
			projectDirPath = "";
			projectRoot = "";
			targets = (
				11C41AB219D29C5300468EE4 /* marjametsa-arena */,
				11C41ADA19D29C5300468EE4 /* marjametsa-arenaTests */,
			);
		};
/* End PBXProject section */

/* Begin PBXResourcesBuildPhase section */
		11C41AB119D29C5300468EE4 /* Resources */ = {
			isa = PBXResourcesBuildPhase;
			buildActionMask = 2147483647;
			files = (
				11987CBE1A1694BD00B53334 /* bestHighscoreButton.png in Resources */,
				11987CD21A19338C00B53334 /* nextLevelButton.png in Resources */,
				11C41AC319D29C5300468EE4 /* InfoPlist.strings in Resources */,
				11C41AF519D29D3200468EE4 /* grass_bg.png in Resources */,
				11987CBA1A16785D00B53334 /* monsterInSpace.png in Resources */,
				118EEF5819D2F51500899286 /* boss.png in Resources */,
				11987CC91A16A3AB00B53334 /* banana.png in Resources */,
				11987CD01A192A2200B53334 /* dungeon_bg.png in Resources */,
				11C41AD619D29C5300468EE4 /* Images.xcassets in Resources */,
				11987CBC1A1690C300B53334 /* testBestButton.png in Resources */,
				11987CAC1A166B1900B53334 /* space_bg.png in Resources */,
				7CE16C711A169D3500C29216 /* appIcon.png in Resources */,
				7CBB97C01A0E718D008F03B6 /* StartButton.png in Resources */,
				11C41ACC19D29C5300468EE4 /* Main.storyboard in Resources */,
				11EBFC731A14EE6D005FFBF9 /* bestPlayers.png in Resources */,
				7CE16C751A1E128E00C29216 /* Property List.plist in Resources */,
				11C41AF719D29D3200468EE4 /* monster.png in Resources */,
				11987CC01A1694C900B53334 /* bestPlayButton.png in Resources */,
				11C41AF619D29D3200468EE4 /* hero.png in Resources */,
				11987CB61A16744A00B53334 /* heroInSpace.png in Resources */,
				7CBB97BE1A0E7111008F03B6 /* exitButton.png in Resources */,
			);
			runOnlyForDeploymentPostprocessing = 0;
		};
		11C41AD919D29C5300468EE4 /* Resources */ = {
			isa = PBXResourcesBuildPhase;
			buildActionMask = 2147483647;
			files = (
				11C41AE719D29C5300468EE4 /* InfoPlist.strings in Resources */,
			);
			runOnlyForDeploymentPostprocessing = 0;
		};
/* End PBXResourcesBuildPhase section */

/* Begin PBXSourcesBuildPhase section */
		11C41AAF19D29C5300468EE4 /* Sources */ = {
			isa = PBXSourcesBuildPhase;
			buildActionMask = 2147483647;
			files = (
				11C41AD219D29C5300468EE4 /* GameScene.m in Sources */,
				11987CD61A1E212B00B53334 /* MonsterDTO.m in Sources */,
				7C0D63A319ED509E001294CE /* MenuScene.m in Sources */,
				11EBFC711A149BF8005FFBF9 /* GameEndedScene.m in Sources */,
				116C663419ED283400215E51 /* Hero.m in Sources */,
				116C663119ED22E500215E51 /* Character.m in Sources */,
				11C41ACF19D29C5300468EE4 /* ViewController.m in Sources */,
				7CCDE13C1A14C5FA00289218 /* Highscore.m in Sources */,
				116C663C19ED447800215E51 /* Monster.m in Sources */,
				11987CD91A1E214800B53334 /* HeroDTO.m in Sources */,
				11C41AC919D29C5300468EE4 /* AppDelegate.m in Sources */,
				11987CDC1A1E215A00B53334 /* ItemDTO.m in Sources */,
				11987CC31A169C2F00B53334 /* Item.m in Sources */,
				116C663F19ED547000215E51 /* Boss.m in Sources */,
				118DB81B1A24EACD0085F883 /* LevelSelectScene.m in Sources */,
				116C663919ED2CAE00215E51 /* AICharacter.m in Sources */,
				11C41AC519D29C5300468EE4 /* main.m in Sources */,
				11987CDF1A1E21A600B53334 /* GameDTO.m in Sources */,
				118DB8181A24DCCE0085F883 /* SceneDTO.m in Sources */,
			);
			runOnlyForDeploymentPostprocessing = 0;
		};
		11C41AD719D29C5300468EE4 /* Sources */ = {
			isa = PBXSourcesBuildPhase;
			buildActionMask = 2147483647;
			files = (
				11C41AE919D29C5300468EE4 /* marjametsa_arenaTests.m in Sources */,
			);
			runOnlyForDeploymentPostprocessing = 0;
		};
/* End PBXSourcesBuildPhase section */

/* Begin PBXTargetDependency section */
		11C41AE119D29C5300468EE4 /* PBXTargetDependency */ = {
			isa = PBXTargetDependency;
			target = 11C41AB219D29C5300468EE4 /* marjametsa-arena */;
			targetProxy = 11C41AE019D29C5300468EE4 /* PBXContainerItemProxy */;
		};
/* End PBXTargetDependency section */

/* Begin PBXVariantGroup section */
		11C41AC119D29C5300468EE4 /* InfoPlist.strings */ = {
			isa = PBXVariantGroup;
			children = (
				11C41AC219D29C5300468EE4 /* en */,
			);
			name = InfoPlist.strings;
			sourceTree = "<group>";
		};
		11C41ACA19D29C5300468EE4 /* Main.storyboard */ = {
			isa = PBXVariantGroup;
			children = (
				11C41ACB19D29C5300468EE4 /* Base */,
			);
			name = Main.storyboard;
			sourceTree = "<group>";
		};
		11C41AE519D29C5300468EE4 /* InfoPlist.strings */ = {
			isa = PBXVariantGroup;
			children = (
				11C41AE619D29C5300468EE4 /* en */,
			);
			name = InfoPlist.strings;
			sourceTree = "<group>";
		};
/* End PBXVariantGroup section */

/* Begin XCBuildConfiguration section */
		11C41AEA19D29C5300468EE4 /* Debug */ = {
			isa = XCBuildConfiguration;
			buildSettings = {
				ALWAYS_SEARCH_USER_PATHS = NO;
				CLANG_CXX_LANGUAGE_STANDARD = "gnu++0x";
				CLANG_CXX_LIBRARY = "libc++";
				CLANG_ENABLE_MODULES = YES;
				CLANG_ENABLE_OBJC_ARC = YES;
				CLANG_WARN_BOOL_CONVERSION = YES;
				CLANG_WARN_CONSTANT_CONVERSION = YES;
				CLANG_WARN_DIRECT_OBJC_ISA_USAGE = YES_ERROR;
				CLANG_WARN_EMPTY_BODY = YES;
				CLANG_WARN_ENUM_CONVERSION = YES;
				CLANG_WARN_INT_CONVERSION = YES;
				CLANG_WARN_OBJC_ROOT_CLASS = YES_ERROR;
				CLANG_WARN__DUPLICATE_METHOD_MATCH = YES;
				"CODE_SIGN_IDENTITY[sdk=iphoneos*]" = "iPhone Developer";
				COPY_PHASE_STRIP = NO;
				GCC_C_LANGUAGE_STANDARD = gnu99;
				GCC_DYNAMIC_NO_PIC = NO;
				GCC_OPTIMIZATION_LEVEL = 0;
				GCC_PREPROCESSOR_DEFINITIONS = (
					"DEBUG=1",
					"$(inherited)",
				);
				GCC_SYMBOLS_PRIVATE_EXTERN = NO;
				GCC_WARN_64_TO_32_BIT_CONVERSION = YES;
				GCC_WARN_ABOUT_RETURN_TYPE = YES_ERROR;
				GCC_WARN_UNDECLARED_SELECTOR = YES;
				GCC_WARN_UNINITIALIZED_AUTOS = YES_AGGRESSIVE;
				GCC_WARN_UNUSED_FUNCTION = YES;
				GCC_WARN_UNUSED_VARIABLE = YES;
				IPHONEOS_DEPLOYMENT_TARGET = 7.1;
				ONLY_ACTIVE_ARCH = YES;
				SDKROOT = iphoneos;
			};
			name = Debug;
		};
		11C41AEB19D29C5300468EE4 /* Release */ = {
			isa = XCBuildConfiguration;
			buildSettings = {
				ALWAYS_SEARCH_USER_PATHS = NO;
				CLANG_CXX_LANGUAGE_STANDARD = "gnu++0x";
				CLANG_CXX_LIBRARY = "libc++";
				CLANG_ENABLE_MODULES = YES;
				CLANG_ENABLE_OBJC_ARC = YES;
				CLANG_WARN_BOOL_CONVERSION = YES;
				CLANG_WARN_CONSTANT_CONVERSION = YES;
				CLANG_WARN_DIRECT_OBJC_ISA_USAGE = YES_ERROR;
				CLANG_WARN_EMPTY_BODY = YES;
				CLANG_WARN_ENUM_CONVERSION = YES;
				CLANG_WARN_INT_CONVERSION = YES;
				CLANG_WARN_OBJC_ROOT_CLASS = YES_ERROR;
				CLANG_WARN__DUPLICATE_METHOD_MATCH = YES;
				"CODE_SIGN_IDENTITY[sdk=iphoneos*]" = "iPhone Developer";
				COPY_PHASE_STRIP = YES;
				ENABLE_NS_ASSERTIONS = NO;
				GCC_C_LANGUAGE_STANDARD = gnu99;
				GCC_WARN_64_TO_32_BIT_CONVERSION = YES;
				GCC_WARN_ABOUT_RETURN_TYPE = YES_ERROR;
				GCC_WARN_UNDECLARED_SELECTOR = YES;
				GCC_WARN_UNINITIALIZED_AUTOS = YES_AGGRESSIVE;
				GCC_WARN_UNUSED_FUNCTION = YES;
				GCC_WARN_UNUSED_VARIABLE = YES;
				IPHONEOS_DEPLOYMENT_TARGET = 7.1;
				SDKROOT = iphoneos;
				VALIDATE_PRODUCT = YES;
			};
			name = Release;
		};
		11C41AED19D29C5300468EE4 /* Debug */ = {
			isa = XCBuildConfiguration;
			buildSettings = {
				ASSETCATALOG_COMPILER_APPICON_NAME = "AppIcon-3";
				ASSETCATALOG_COMPILER_LAUNCHIMAGE_NAME = LaunchImage;
				CODE_SIGN_IDENTITY = "iPhone Developer";
				"CODE_SIGN_IDENTITY[sdk=iphoneos*]" = "iPhone Developer";
				GCC_PRECOMPILE_PREFIX_HEADER = YES;
				GCC_PREFIX_HEADER = "marjametsa-arena/marjametsa-arena-Prefix.pch";
				INFOPLIST_FILE = "marjametsa-arena/marjametsa-arena-Info.plist";
				PRODUCT_NAME = "$(TARGET_NAME)";
				PROVISIONING_PROFILE = "";
				SPRITEKIT_TEXTURE_ATLAS_OUTPUT = YES;
				WRAPPER_EXTENSION = app;
			};
			name = Debug;
		};
		11C41AEE19D29C5300468EE4 /* Release */ = {
			isa = XCBuildConfiguration;
			buildSettings = {
				ASSETCATALOG_COMPILER_APPICON_NAME = "AppIcon-3";
				ASSETCATALOG_COMPILER_LAUNCHIMAGE_NAME = LaunchImage;
				CODE_SIGN_IDENTITY = "iPhone Developer";
				"CODE_SIGN_IDENTITY[sdk=iphoneos*]" = "iPhone Developer";
				GCC_PRECOMPILE_PREFIX_HEADER = YES;
				GCC_PREFIX_HEADER = "marjametsa-arena/marjametsa-arena-Prefix.pch";
				INFOPLIST_FILE = "marjametsa-arena/marjametsa-arena-Info.plist";
				PRODUCT_NAME = "$(TARGET_NAME)";
				PROVISIONING_PROFILE = "";
				SPRITEKIT_TEXTURE_ATLAS_OUTPUT = YES;
				WRAPPER_EXTENSION = app;
			};
			name = Release;
		};
		11C41AF019D29C5300468EE4 /* Debug */ = {
			isa = XCBuildConfiguration;
			buildSettings = {
				BUNDLE_LOADER = "$(BUILT_PRODUCTS_DIR)/marjametsa-arena.app/marjametsa-arena";
				FRAMEWORK_SEARCH_PATHS = (
					"$(SDKROOT)/Developer/Library/Frameworks",
					"$(inherited)",
					"$(DEVELOPER_FRAMEWORKS_DIR)",
				);
				GCC_PRECOMPILE_PREFIX_HEADER = YES;
				GCC_PREFIX_HEADER = "marjametsa-arena/marjametsa-arena-Prefix.pch";
				GCC_PREPROCESSOR_DEFINITIONS = (
					"DEBUG=1",
					"$(inherited)",
				);
				INFOPLIST_FILE = "marjametsa-arenaTests/marjametsa-arenaTests-Info.plist";
				PRODUCT_NAME = "$(TARGET_NAME)";
				TEST_HOST = "$(BUNDLE_LOADER)";
				WRAPPER_EXTENSION = xctest;
			};
			name = Debug;
		};
		11C41AF119D29C5300468EE4 /* Release */ = {
			isa = XCBuildConfiguration;
			buildSettings = {
				BUNDLE_LOADER = "$(BUILT_PRODUCTS_DIR)/marjametsa-arena.app/marjametsa-arena";
				FRAMEWORK_SEARCH_PATHS = (
					"$(SDKROOT)/Developer/Library/Frameworks",
					"$(inherited)",
					"$(DEVELOPER_FRAMEWORKS_DIR)",
				);
				GCC_PRECOMPILE_PREFIX_HEADER = YES;
				GCC_PREFIX_HEADER = "marjametsa-arena/marjametsa-arena-Prefix.pch";
				INFOPLIST_FILE = "marjametsa-arenaTests/marjametsa-arenaTests-Info.plist";
				PRODUCT_NAME = "$(TARGET_NAME)";
				TEST_HOST = "$(BUNDLE_LOADER)";
				WRAPPER_EXTENSION = xctest;
			};
			name = Release;
		};
/* End XCBuildConfiguration section */

/* Begin XCConfigurationList section */
		11C41AAE19D29C5300468EE4 /* Build configuration list for PBXProject "marjametsa-arena" */ = {
			isa = XCConfigurationList;
			buildConfigurations = (
				11C41AEA19D29C5300468EE4 /* Debug */,
				11C41AEB19D29C5300468EE4 /* Release */,
			);
			defaultConfigurationIsVisible = 0;
			defaultConfigurationName = Release;
		};
		11C41AEC19D29C5300468EE4 /* Build configuration list for PBXNativeTarget "marjametsa-arena" */ = {
			isa = XCConfigurationList;
			buildConfigurations = (
				11C41AED19D29C5300468EE4 /* Debug */,
				11C41AEE19D29C5300468EE4 /* Release */,
			);
			defaultConfigurationIsVisible = 0;
			defaultConfigurationName = Release;
		};
		11C41AEF19D29C5300468EE4 /* Build configuration list for PBXNativeTarget "marjametsa-arenaTests" */ = {
			isa = XCConfigurationList;
			buildConfigurations = (
				11C41AF019D29C5300468EE4 /* Debug */,
				11C41AF119D29C5300468EE4 /* Release */,
			);
			defaultConfigurationIsVisible = 0;
			defaultConfigurationName = Release;
		};
/* End XCConfigurationList section */
	};
	rootObject = 11C41AAB19D29C5300468EE4 /* Project object */;
}
